
Microsoft Visual Studio Solution File, Format Version 12.00
# Visual Studio Version 17
VisualStudioVersion = 17.0.32126.317
MinimumVisualStudioVersion = 10.0.40219.1
Project("{FAE04EC0-301F-11D3-BF4B-00C04F79EFBC}") = "Tupiniquim.ConsoleApp", "Tupiniquim.ConsoleApp\Tupiniquim.ConsoleApp.csproj", "{28CA456D-DADD-4E16-9ED6-A344420DE774}"
EndProject
Global
	GlobalSection(SolutionConfigurationPlatforms) = preSolution
		Debug|Any CPU = Debug|Any CPU
		Release|Any CPU = Release|Any CPU
	EndGlobalSection
	GlobalSection(ProjectConfigurationPlatforms) = postSolution
		{28CA456D-DADD-4E16-9ED6-A344420DE774}.Debug|Any CPU.ActiveCfg = Debug|Any CPU
		{28CA456D-DADD-4E16-9ED6-A344420DE774}.Debug|Any CPU.Build.0 = Debug|Any CPU
		{28CA456D-DADD-4E16-9ED6-A344420DE774}.Release|Any CPU.ActiveCfg = Release|Any CPU
		{28CA456D-DADD-4E16-9ED6-A344420DE774}.Release|Any CPU.Build.0 = Release|Any CPU
	EndGlobalSection
	GlobalSection(SolutionProperties) = preSolution
		HideSolutionNode = FALSE
	EndGlobalSection
	GlobalSection(ExtensibilityGlobals) = postSolution
		SolutionGuid = {622CEA32-ABFF-4430-8977-7A8DBFE7AF96}
	EndGlobalSection
EndGlobal
